
Microsoft Visual Studio Solution File, Format Version 12.00
# Visual Studio 14
VisualStudioVersion = 14.0.24720.0
MinimumVisualStudioVersion = 10.0.40219.1
Project("{FAE04EC0-301F-11D3-BF4B-00C04F79EFBC}") = "NostalagiTryg", "NostalagiTryg\NostalagiTryg.csproj", "{51850958-FA64-4BA9-A7EB-C263D0003101}"
EndProject
Project("{FAE04EC0-301F-11D3-BF4B-00C04F79EFBC}") = "RepoNosTryg", "RepoNosTryg\RepoNosTryg.csproj", "{BC10EB14-EE5F-462B-B097-C8930125FA33}"
EndProject
Global
	GlobalSection(SolutionConfigurationPlatforms) = preSolution
		Debug|Any CPU = Debug|Any CPU
		Release|Any CPU = Release|Any CPU
	EndGlobalSection
	GlobalSection(ProjectConfigurationPlatforms) = postSolution
		{51850958-FA64-4BA9-A7EB-C263D0003101}.Debug|Any CPU.ActiveCfg = Debug|Any CPU
		{51850958-FA64-4BA9-A7EB-C263D0003101}.Debug|Any CPU.Build.0 = Debug|Any CPU
		{51850958-FA64-4BA9-A7EB-C263D0003101}.Release|Any CPU.ActiveCfg = Release|Any CPU
		{51850958-FA64-4BA9-A7EB-C263D0003101}.Release|Any CPU.Build.0 = Release|Any CPU
		{BC10EB14-EE5F-462B-B097-C8930125FA33}.Debug|Any CPU.ActiveCfg = Debug|Any CPU
		{BC10EB14-EE5F-462B-B097-C8930125FA33}.Debug|Any CPU.Build.0 = Debug|Any CPU
		{BC10EB14-EE5F-462B-B097-C8930125FA33}.Release|Any CPU.ActiveCfg = Release|Any CPU
		{BC10EB14-EE5F-462B-B097-C8930125FA33}.Release|Any CPU.Build.0 = Release|Any CPU
	EndGlobalSection
	GlobalSection(SolutionProperties) = preSolution
		HideSolutionNode = FALSE
	EndGlobalSection
EndGlobal
